
Microsoft Visual Studio Solution File, Format Version 12.00
# Visual Studio Version 17
VisualStudioVersion = 17.5.33530.505
MinimumVisualStudioVersion = 10.0.40219.1
Project("{FAE04EC0-301F-11D3-BF4B-00C04F79EFBC}") = "Multi_Form_1", "Multi_Form_1\Multi_Form_1.csproj", "{BA512254-85BE-484A-B49B-CA2AF4BEE570}"
EndProject
Global
	GlobalSection(SolutionConfigurationPlatforms) = preSolution
		Debug|Any CPU = Debug|Any CPU
		Release|Any CPU = Release|Any CPU
	EndGlobalSection
	GlobalSection(ProjectConfigurationPlatforms) = postSolution
		{BA512254-85BE-484A-B49B-CA2AF4BEE570}.Debug|Any CPU.ActiveCfg = Debug|Any CPU
		{BA512254-85BE-484A-B49B-CA2AF4BEE570}.Debug|Any CPU.Build.0 = Debug|Any CPU
		{BA512254-85BE-484A-B49B-CA2AF4BEE570}.Release|Any CPU.ActiveCfg = Release|Any CPU
		{BA512254-85BE-484A-B49B-CA2AF4BEE570}.Release|Any CPU.Build.0 = Release|Any CPU
	EndGlobalSection
	GlobalSection(SolutionProperties) = preSolution
		HideSolutionNode = FALSE
	EndGlobalSection
	GlobalSection(ExtensibilityGlobals) = postSolution
		SolutionGuid = {9E6E18A6-39A9-42DF-AECE-611BC4C22227}
	EndGlobalSection
EndGlobal
